
Microsoft Visual Studio Solution File, Format Version 12.00
# Visual Studio 14
VisualStudioVersion = 14.0.23107.0
MinimumVisualStudioVersion = 10.0.40219.1
Project("{2150E333-8FDC-42A3-9474-1A3956D46DE8}") = "01. Engineering", "01. Engineering", "{BAA17F6B-5AA8-486C-B290-95D01A3A00DB}"
EndProject
Project("{2150E333-8FDC-42A3-9474-1A3956D46DE8}") = "02. Domain", "02. Domain", "{574E8D06-3CFE-450F-BE01-0FEFFB983761}"
EndProject
Project("{2150E333-8FDC-42A3-9474-1A3956D46DE8}") = "03. Data", "03. Data", "{9700814E-C08C-48BE-A446-7B02F90EC2F2}"
EndProject
Project("{2150E333-8FDC-42A3-9474-1A3956D46DE8}") = "04. Application", "04. Application", "{7A6368C8-BC4D-43DA-95D2-35C1E492A80C}"
EndProject
Project("{2150E333-8FDC-42A3-9474-1A3956D46DE8}") = "05. Presentation", "05. Presentation", "{C1EBE3B6-DEBA-447D-8051-4A16071A971D}"
EndProject
Project("{F088123C-0E9E-452A-89E6-6BA2F21D5CAC}") = "ModelingNlayerDDD", "ModelingNlayerDDD\ModelingNlayerDDD.modelproj", "{842052BA-94AA-4824-BBE9-97DAE773BB17}"
EndProject
Project("{FAE04EC0-301F-11D3-BF4B-00C04F79EFBC}") = "Domain.Core", "Domain.Core\Domain.Core.csproj", "{87D426B4-60FA-40DC-BFE1-9E37ECC8A673}"
EndProject
Project("{FAE04EC0-301F-11D3-BF4B-00C04F79EFBC}") = "Domain.Entities", "Domain.Entities\Domain.Entities.csproj", "{D9FACA9F-33B2-45B4-838A-749A4AAABA9E}"
EndProject
Project("{FAE04EC0-301F-11D3-BF4B-00C04F79EFBC}") = "Domain.Repository", "Domain.Repository\Domain.Repository.csproj", "{764F54BB-C1E6-43F4-BB13-48474D2F8255}"
EndProject
Project("{FAE04EC0-301F-11D3-BF4B-00C04F79EFBC}") = "Domain.UnitOfWork", "Domain.UnitOfWork\Domain.UnitOfWork.csproj", "{6BA9FE43-236C-49AB-81F1-EF600E0E5BDE}"
EndProject
Project("{FAE04EC0-301F-11D3-BF4B-00C04F79EFBC}") = "Data.Persistence", "Data.Persistence\Data.Persistence.csproj", "{F0A6EDF1-171A-4340-A0F8-6A48D12766B7}"
EndProject
Project("{FAE04EC0-301F-11D3-BF4B-00C04F79EFBC}") = "Data.Repository", "Data.Repository\Data.Repository.csproj", "{1B51755D-47F6-46B3-BCBA-878D67B65C4D}"
EndProject
Project("{FAE04EC0-301F-11D3-BF4B-00C04F79EFBC}") = "Application.Dependency", "Application.Dependency\Application.Dependency.csproj", "{C3C1254C-F2D9-4256-9C69-E755F22B8510}"
EndProject
Project("{FAE04EC0-301F-11D3-BF4B-00C04F79EFBC}") = "Application.UnitOfWork", "Application.UnitOfWork\Application.UnitOfWork.csproj", "{FD3B4176-1943-4862-AEC0-7A9D05DD0E0E}"
EndProject
Project("{FAE04EC0-301F-11D3-BF4B-00C04F79EFBC}") = "Data.UnitTest", "Data.UnitTest\Data.UnitTest.csproj", "{596F3BB3-481C-4F2A-8469-B4847BD030A4}"
EndProject
Global
	GlobalSection(SolutionConfigurationPlatforms) = preSolution
		Debug|Any CPU = Debug|Any CPU
		Release|Any CPU = Release|Any CPU
	EndGlobalSection
	GlobalSection(ProjectConfigurationPlatforms) = postSolution
		{842052BA-94AA-4824-BBE9-97DAE773BB17}.Debug|Any CPU.ActiveCfg = Debug|Any CPU
		{842052BA-94AA-4824-BBE9-97DAE773BB17}.Debug|Any CPU.Build.0 = Debug|Any CPU
		{842052BA-94AA-4824-BBE9-97DAE773BB17}.Release|Any CPU.ActiveCfg = Release|Any CPU
		{842052BA-94AA-4824-BBE9-97DAE773BB17}.Release|Any CPU.Build.0 = Release|Any CPU
		{87D426B4-60FA-40DC-BFE1-9E37ECC8A673}.Debug|Any CPU.ActiveCfg = Debug|Any CPU
		{87D426B4-60FA-40DC-BFE1-9E37ECC8A673}.Debug|Any CPU.Build.0 = Debug|Any CPU
		{87D426B4-60FA-40DC-BFE1-9E37ECC8A673}.Release|Any CPU.ActiveCfg = Release|Any CPU
		{87D426B4-60FA-40DC-BFE1-9E37ECC8A673}.Release|Any CPU.Build.0 = Release|Any CPU
		{D9FACA9F-33B2-45B4-838A-749A4AAABA9E}.Debug|Any CPU.ActiveCfg = Debug|Any CPU
		{D9FACA9F-33B2-45B4-838A-749A4AAABA9E}.Debug|Any CPU.Build.0 = Debug|Any CPU
		{D9FACA9F-33B2-45B4-838A-749A4AAABA9E}.Release|Any CPU.ActiveCfg = Release|Any CPU
		{D9FACA9F-33B2-45B4-838A-749A4AAABA9E}.Release|Any CPU.Build.0 = Release|Any CPU
		{764F54BB-C1E6-43F4-BB13-48474D2F8255}.Debug|Any CPU.ActiveCfg = Debug|Any CPU
		{764F54BB-C1E6-43F4-BB13-48474D2F8255}.Debug|Any CPU.Build.0 = Debug|Any CPU
		{764F54BB-C1E6-43F4-BB13-48474D2F8255}.Release|Any CPU.ActiveCfg = Release|Any CPU
		{764F54BB-C1E6-43F4-BB13-48474D2F8255}.Release|Any CPU.Build.0 = Release|Any CPU
		{6BA9FE43-236C-49AB-81F1-EF600E0E5BDE}.Debug|Any CPU.ActiveCfg = Debug|Any CPU
		{6BA9FE43-236C-49AB-81F1-EF600E0E5BDE}.Debug|Any CPU.Build.0 = Debug|Any CPU
		{6BA9FE43-236C-49AB-81F1-EF600E0E5BDE}.Release|Any CPU.ActiveCfg = Release|Any CPU
		{6BA9FE43-236C-49AB-81F1-EF600E0E5BDE}.Release|Any CPU.Build.0 = Release|Any CPU
		{F0A6EDF1-171A-4340-A0F8-6A48D12766B7}.Debug|Any CPU.ActiveCfg = Debug|Any CPU
		{F0A6EDF1-171A-4340-A0F8-6A48D12766B7}.Debug|Any CPU.Build.0 = Debug|Any CPU
		{F0A6EDF1-171A-4340-A0F8-6A48D12766B7}.Release|Any CPU.ActiveCfg = Release|Any CPU
		{F0A6EDF1-171A-4340-A0F8-6A48D12766B7}.Release|Any CPU.Build.0 = Release|Any CPU
		{1B51755D-47F6-46B3-BCBA-878D67B65C4D}.Debug|Any CPU.ActiveCfg = Debug|Any CPU
		{1B51755D-47F6-46B3-BCBA-878D67B65C4D}.Debug|Any CPU.Build.0 = Debug|Any CPU
		{1B51755D-47F6-46B3-BCBA-878D67B65C4D}.Release|Any CPU.ActiveCfg = Release|Any CPU
		{1B51755D-47F6-46B3-BCBA-878D67B65C4D}.Release|Any CPU.Build.0 = Release|Any CPU
		{C3C1254C-F2D9-4256-9C69-E755F22B8510}.Debug|Any CPU.ActiveCfg = Debug|Any CPU
		{C3C1254C-F2D9-4256-9C69-E755F22B8510}.Debug|Any CPU.Build.0 = Debug|Any CPU
		{C3C1254C-F2D9-4256-9C69-E755F22B8510}.Release|Any CPU.ActiveCfg = Release|Any CPU
		{C3C1254C-F2D9-4256-9C69-E755F22B8510}.Release|Any CPU.Build.0 = Release|Any CPU
		{FD3B4176-1943-4862-AEC0-7A9D05DD0E0E}.Debug|Any CPU.ActiveCfg = Debug|Any CPU
		{FD3B4176-1943-4862-AEC0-7A9D05DD0E0E}.Debug|Any CPU.Build.0 = Debug|Any CPU
		{FD3B4176-1943-4862-AEC0-7A9D05DD0E0E}.Release|Any CPU.ActiveCfg = Release|Any CPU
		{FD3B4176-1943-4862-AEC0-7A9D05DD0E0E}.Release|Any CPU.Build.0 = Release|Any CPU
		{596F3BB3-481C-4F2A-8469-B4847BD030A4}.Debug|Any CPU.ActiveCfg = Debug|Any CPU
		{596F3BB3-481C-4F2A-8469-B4847BD030A4}.Debug|Any CPU.Build.0 = Debug|Any CPU
		{596F3BB3-481C-4F2A-8469-B4847BD030A4}.Release|Any CPU.ActiveCfg = Release|Any CPU
		{596F3BB3-481C-4F2A-8469-B4847BD030A4}.Release|Any CPU.Build.0 = Release|Any CPU
	EndGlobalSection
	GlobalSection(SolutionProperties) = preSolution
		HideSolutionNode = FALSE
	EndGlobalSection
	GlobalSection(NestedProjects) = preSolution
		{842052BA-94AA-4824-BBE9-97DAE773BB17} = {BAA17F6B-5AA8-486C-B290-95D01A3A00DB}
		{87D426B4-60FA-40DC-BFE1-9E37ECC8A673} = {574E8D06-3CFE-450F-BE01-0FEFFB983761}
		{D9FACA9F-33B2-45B4-838A-749A4AAABA9E} = {574E8D06-3CFE-450F-BE01-0FEFFB983761}
		{764F54BB-C1E6-43F4-BB13-48474D2F8255} = {574E8D06-3CFE-450F-BE01-0FEFFB983761}
		{6BA9FE43-236C-49AB-81F1-EF600E0E5BDE} = {574E8D06-3CFE-450F-BE01-0FEFFB983761}
		{F0A6EDF1-171A-4340-A0F8-6A48D12766B7} = {9700814E-C08C-48BE-A446-7B02F90EC2F2}
		{1B51755D-47F6-46B3-BCBA-878D67B65C4D} = {9700814E-C08C-48BE-A446-7B02F90EC2F2}
		{C3C1254C-F2D9-4256-9C69-E755F22B8510} = {7A6368C8-BC4D-43DA-95D2-35C1E492A80C}
		{FD3B4176-1943-4862-AEC0-7A9D05DD0E0E} = {7A6368C8-BC4D-43DA-95D2-35C1E492A80C}
		{596F3BB3-481C-4F2A-8469-B4847BD030A4} = {9700814E-C08C-48BE-A446-7B02F90EC2F2}
	EndGlobalSection
EndGlobal
